
Microsoft Visual Studio Solution File, Format Version 12.00
# Visual Studio 15
VisualStudioVersion = 15.0.28307.1000
MinimumVisualStudioVersion = 10.0.40219.1
Project("{FAE04EC0-301F-11D3-BF4B-00C04F79EFBC}") = "DeepSpaceCombat", "DeepSpaceCombat\DeepSpaceCombat.csproj", "{5DD09820-8240-4CDD-A6C1-EDC11087ED19}"
EndProject
Global
	GlobalSection(SolutionConfigurationPlatforms) = preSolution
		Debug|Any CPU = Debug|Any CPU
		Release|Any CPU = Release|Any CPU
	EndGlobalSection
	GlobalSection(ProjectConfigurationPlatforms) = postSolution
		{5DD09820-8240-4CDD-A6C1-EDC11087ED19}.Debug|Any CPU.ActiveCfg = Debug|Any CPU
		{5DD09820-8240-4CDD-A6C1-EDC11087ED19}.Debug|Any CPU.Build.0 = Debug|Any CPU
		{5DD09820-8240-4CDD-A6C1-EDC11087ED19}.Release|Any CPU.ActiveCfg = Release|Any CPU
		{5DD09820-8240-4CDD-A6C1-EDC11087ED19}.Release|Any CPU.Build.0 = Release|Any CPU
	EndGlobalSection
	GlobalSection(SolutionProperties) = preSolution
		HideSolutionNode = FALSE
	EndGlobalSection
	GlobalSection(ExtensibilityGlobals) = postSolution
		SolutionGuid = {005392A9-41C1-4E82-A481-F8026E0313D6}
	EndGlobalSection
EndGlobal
