
Microsoft Visual Studio Solution File, Format Version 12.00
# Visual Studio Version 16
VisualStudioVersion = 16.0.30611.23
MinimumVisualStudioVersion = 10.0.40219.1
Project("{FAE04EC0-301F-11D3-BF4B-00C04F79EFBC}") = "PT47 Station", "PT47 Station.csproj", "{8C49D047-C106-47FF-B6E2-996A2E87164E}"
EndProject
Global
	GlobalSection(SolutionConfigurationPlatforms) = preSolution
		Debug|x64 = Debug|x64
	EndGlobalSection
	GlobalSection(ProjectConfigurationPlatforms) = postSolution
		{8C49D047-C106-47FF-B6E2-996A2E87164E}.Debug|x64.ActiveCfg = Debug|x64
		{8C49D047-C106-47FF-B6E2-996A2E87164E}.Debug|x64.Build.0 = Debug|x64
	EndGlobalSection
	GlobalSection(SolutionProperties) = preSolution
		HideSolutionNode = FALSE
	EndGlobalSection
	GlobalSection(ExtensibilityGlobals) = postSolution
		SolutionGuid = {BC307033-C336-4D7E-93E5-BDB966D82682}
	EndGlobalSection
EndGlobal
